// !$*UTF8*$!
{
	archiveVersion = 1;
	classes = {
	};
	objectVersion = 54;
	objects = {

/* Begin PBXBuildFile section */
		114AF6C427A5C6BA004674FB /* Info.plist in Resources */ = {isa = PBXBuildFile; fileRef = 114AF6BD27A5C6BA004674FB /* Info.plist */; };
		114AF6C527A5C6BA004674FB /* Base.lproj in Resources */ = {isa = PBXBuildFile; fileRef = 114AF6BE27A5C6BA004674FB /* Base.lproj */; };
		114AF6C627A5C6BA004674FB /* WebViewController.swift in Sources */ = {isa = PBXBuildFile; fileRef = 114AF6BF27A5C6BA004674FB /* WebViewController.swift */; };
		114AF6C727A5C6BA004674FB /* LaunchScreen.storyboard in Resources */ = {isa = PBXBuildFile; fileRef = 114AF6C027A5C6BA004674FB /* LaunchScreen.storyboard */; };
		114AF6C827A5C6BA004674FB /* Assets.xcassets in Resources */ = {isa = PBXBuildFile; fileRef = 114AF6C127A5C6BA004674FB /* Assets.xcassets */; };
		114AF6C927A5C6BA004674FB /* AppDelegate.swift in Sources */ = {isa = PBXBuildFile; fileRef = 114AF6C227A5C6BA004674FB /* AppDelegate.swift */; };
		114AF6CA27A5C6BA004674FB /* SceneDelegate.swift in Sources */ = {isa = PBXBuildFile; fileRef = 114AF6C327A5C6BA004674FB /* SceneDelegate.swift */; };
		11CF26532797E208001B3AFC /* Main.storyboard in Resources */ = {isa = PBXBuildFile; fileRef = 11CF26512797E208001B3AFC /* Main.storyboard */; };
/* End PBXBuildFile section */

/* Begin PBXContainerItemProxy section */
		11CF265F2797E209001B3AFC /* PBXContainerItemProxy */ = {
			isa = PBXContainerItemProxy;
			containerPortal = 11CF26402797E208001B3AFC /* Project object */;
			proxyType = 1;
			remoteGlobalIDString = 11CF26472797E208001B3AFC;
			remoteInfo = WKWebView_SSLPinning_demo;
		};
		11CF266A2797E209001B3AFC /* PBXContainerItemProxy */ = {
			isa = PBXContainerItemProxy;
			containerPortal = 11CF26402797E208001B3AFC /* Project object */;
			proxyType = 1;
			remoteGlobalIDString = 11CF26472797E208001B3AFC;
			remoteInfo = WKWebView_SSLPinning_demo;
		};
/* End PBXContainerItemProxy section */

/* Begin PBXFileReference section */
		114AF6BD27A5C6BA004674FB /* Info.plist */ = {isa = PBXFileReference; fileEncoding = 4; lastKnownFileType = text.plist.xml; name = Info.plist; path = "WKWebView SSL Pinning  via WKNabigationDelegate/Info.plist"; sourceTree = "<group>"; };
		114AF6BE27A5C6BA004674FB /* Base.lproj */ = {isa = PBXFileReference; lastKnownFileType = folder; name = Base.lproj; path = "WKWebView SSL Pinning  via WKNabigationDelegate/Base.lproj"; sourceTree = "<group>"; };
		114AF6BF27A5C6BA004674FB /* WebViewController.swift */ = {isa = PBXFileReference; fileEncoding = 4; lastKnownFileType = sourcecode.swift; name = WebViewController.swift; path = "WKWebView SSL Pinning  via WKNabigationDelegate/WebViewController.swift"; sourceTree = "<group>"; };
		114AF6C027A5C6BA004674FB /* LaunchScreen.storyboard */ = {isa = PBXFileReference; fileEncoding = 4; lastKnownFileType = file.storyboard; name = LaunchScreen.storyboard; path = "WKWebView SSL Pinning  via WKNabigationDelegate/LaunchScreen.storyboard"; sourceTree = "<group>"; };
		114AF6C127A5C6BA004674FB /* Assets.xcassets */ = {isa = PBXFileReference; lastKnownFileType = folder.assetcatalog; name = Assets.xcassets; path = "WKWebView SSL Pinning  via WKNabigationDelegate/Assets.xcassets"; sourceTree = "<group>"; };
		114AF6C227A5C6BA004674FB /* AppDelegate.swift */ = {isa = PBXFileReference; fileEncoding = 4; lastKnownFileType = sourcecode.swift; name = AppDelegate.swift; path = "WKWebView SSL Pinning  via WKNabigationDelegate/AppDelegate.swift"; sourceTree = "<group>"; };
		114AF6C327A5C6BA004674FB /* SceneDelegate.swift */ = {isa = PBXFileReference; fileEncoding = 4; lastKnownFileType = sourcecode.swift; name = SceneDelegate.swift; path = "WKWebView SSL Pinning  via WKNabigationDelegate/SceneDelegate.swift"; sourceTree = "<group>"; };
		11CF26482797E208001B3AFC /* WKWebView SSL Pinning  via WKNabigationDelegate old.app */ = {isa = PBXFileReference; explicitFileType = wrapper.application; includeInIndex = 0; path = "WKWebView SSL Pinning  via WKNabigationDelegate old.app"; sourceTree = BUILT_PRODUCTS_DIR; };
		11CF26522797E208001B3AFC /* Base */ = {isa = PBXFileReference; lastKnownFileType = file.storyboard; name = Base; path = Base.lproj/Main.storyboard; sourceTree = "<group>"; };
		11CF265E2797E209001B3AFC /* WKWebView SSL Pinning  via WKNabigationDelegate oldTests.xctest */ = {isa = PBXFileReference; explicitFileType = wrapper.cfbundle; includeInIndex = 0; path = "WKWebView SSL Pinning  via WKNabigationDelegate oldTests.xctest"; sourceTree = BUILT_PRODUCTS_DIR; };
		11CF26692797E209001B3AFC /* WKWebView SSL Pinning  via WKNabigationDelegate oldUITests.xctest */ = {isa = PBXFileReference; explicitFileType = wrapper.cfbundle; includeInIndex = 0; path = "WKWebView SSL Pinning  via WKNabigationDelegate oldUITests.xctest"; sourceTree = BUILT_PRODUCTS_DIR; };
/* End PBXFileReference section */

/* Begin PBXFrameworksBuildPhase section */
		11CF26452797E208001B3AFC /* Frameworks */ = {
			isa = PBXFrameworksBuildPhase;
			buildActionMask = 2147483647;
			files = (
			);
			runOnlyForDeploymentPostprocessing = 0;
		};
		11CF265B2797E209001B3AFC /* Frameworks */ = {
			isa = PBXFrameworksBuildPhase;
			buildActionMask = 2147483647;
			files = (
			);
			runOnlyForDeploymentPostprocessing = 0;
		};
		11CF26662797E209001B3AFC /* Frameworks */ = {
			isa = PBXFrameworksBuildPhase;
			buildActionMask = 2147483647;
			files = (
			);
			runOnlyForDeploymentPostprocessing = 0;
		};
/* End PBXFrameworksBuildPhase section */

/* Begin PBXGroup section */
		11CF263F2797E208001B3AFC = {
			isa = PBXGroup;
			children = (
				11CF264A2797E208001B3AFC /* WKWebView SSL Pinning  via WKNabigationDelegate */,
				11CF26492797E208001B3AFC /* Products */,
			);
			sourceTree = "<group>";
		};
		11CF26492797E208001B3AFC /* Products */ = {
			isa = PBXGroup;
			children = (
				11CF26482797E208001B3AFC /* WKWebView SSL Pinning  via WKNabigationDelegate old.app */,
				11CF265E2797E209001B3AFC /* WKWebView SSL Pinning  via WKNabigationDelegate oldTests.xctest */,
				11CF26692797E209001B3AFC /* WKWebView SSL Pinning  via WKNabigationDelegate oldUITests.xctest */,
			);
			name = Products;
			sourceTree = "<group>";
		};
		11CF264A2797E208001B3AFC /* WKWebView SSL Pinning  via WKNabigationDelegate */ = {
			isa = PBXGroup;
			children = (
				114AF6C027A5C6BA004674FB /* LaunchScreen.storyboard */,
				114AF6C327A5C6BA004674FB /* SceneDelegate.swift */,
				114AF6C227A5C6BA004674FB /* AppDelegate.swift */,
				114AF6C127A5C6BA004674FB /* Assets.xcassets */,
				114AF6BE27A5C6BA004674FB /* Base.lproj */,
				114AF6BD27A5C6BA004674FB /* Info.plist */,
				114AF6BF27A5C6BA004674FB /* WebViewController.swift */,
				11CF26512797E208001B3AFC /* Main.storyboard */,
			);
			name = "WKWebView SSL Pinning  via WKNabigationDelegate";
			sourceTree = "<group>";
		};
/* End PBXGroup section */

/* Begin PBXNativeTarget section */
		11CF26472797E208001B3AFC /* WKWebView SSL Pinning  via WKNabigationDelegate old */ = {
			isa = PBXNativeTarget;
			buildConfigurationList = 11CF26722797E209001B3AFC /* Build configuration list for PBXNativeTarget "WKWebView SSL Pinning  via WKNabigationDelegate old" */;
			buildPhases = (
				11CF26442797E208001B3AFC /* Sources */,
				11CF26452797E208001B3AFC /* Frameworks */,
				11CF26462797E208001B3AFC /* Resources */,
			);
			buildRules = (
			);
			dependencies = (
			);
			name = "WKWebView SSL Pinning  via WKNabigationDelegate old";
			productName = WKWebView_SSLPinning_demo;
			productReference = 11CF26482797E208001B3AFC /* WKWebView SSL Pinning  via WKNabigationDelegate old.app */;
			productType = "com.apple.product-type.application";
		};
		11CF265D2797E209001B3AFC /* WKWebView SSL Pinning  via WKNabigationDelegate oldTests */ = {
			isa = PBXNativeTarget;
			buildConfigurationList = 11CF26752797E209001B3AFC /* Build configuration list for PBXNativeTarget "WKWebView SSL Pinning  via WKNabigationDelegate oldTests" */;
			buildPhases = (
				11CF265A2797E209001B3AFC /* Sources */,
				11CF265B2797E209001B3AFC /* Frameworks */,
				11CF265C2797E209001B3AFC /* Resources */,
			);
			buildRules = (
			);
			dependencies = (
				11CF26602797E209001B3AFC /* PBXTargetDependency */,
			);
			name = "WKWebView SSL Pinning  via WKNabigationDelegate oldTests";
			productName = WKWebView_SSLPinning_demoTests;
			productReference = 11CF265E2797E209001B3AFC /* WKWebView SSL Pinning  via WKNabigationDelegate oldTests.xctest */;
			productType = "com.apple.product-type.bundle.unit-test";
		};
		11CF26682797E209001B3AFC /* WKWebView SSL Pinning  via WKNabigationDelegate oldUITests */ = {
			isa = PBXNativeTarget;
			buildConfigurationList = 11CF26782797E209001B3AFC /* Build configuration list for PBXNativeTarget "WKWebView SSL Pinning  via WKNabigationDelegate oldUITests" */;
			buildPhases = (
				11CF26652797E209001B3AFC /* Sources */,
				11CF26662797E209001B3AFC /* Frameworks */,
				11CF26672797E209001B3AFC /* Resources */,
			);
			buildRules = (
			);
			dependencies = (
				11CF266B2797E209001B3AFC /* PBXTargetDependency */,
			);
			name = "WKWebView SSL Pinning  via WKNabigationDelegate oldUITests";
			productName = WKWebView_SSLPinning_demoUITests;
			productReference = 11CF26692797E209001B3AFC /* WKWebView SSL Pinning  via WKNabigationDelegate oldUITests.xctest */;
			productType = "com.apple.product-type.bundle.ui-testing";
		};
/* End PBXNativeTarget section */

/* Begin PBXProject section */
		11CF26402797E208001B3AFC /* Project object */ = {
			isa = PBXProject;
			attributes = {
				LastSwiftUpdateCheck = 1240;
				LastUpgradeCheck = 1240;
				TargetAttributes = {
					11CF26472797E208001B3AFC = {
						CreatedOnToolsVersion = 12.4;
					};
					11CF265D2797E209001B3AFC = {
						CreatedOnToolsVersion = 12.4;
						TestTargetID = 11CF26472797E208001B3AFC;
					};
					11CF26682797E209001B3AFC = {
						CreatedOnToolsVersion = 12.4;
						TestTargetID = 11CF26472797E208001B3AFC;
					};
				};
			};
			buildConfigurationList = 11CF26432797E208001B3AFC /* Build configuration list for PBXProject "WKWebView SSL Pinning  via WKNabigationDelegate old" */;
			compatibilityVersion = "Xcode 12.0";
			developmentRegion = en;
			hasScannedForEncodings = 0;
			knownRegions = (
				en,
				Base,
			);
			mainGroup = 11CF263F2797E208001B3AFC;
			productRefGroup = 11CF26492797E208001B3AFC /* Products */;
			projectDirPath = "";
			projectRoot = "";
			targets = (
				11CF26472797E208001B3AFC /* WKWebView SSL Pinning  via WKNabigationDelegate old */,
				11CF265D2797E209001B3AFC /* WKWebView SSL Pinning  via WKNabigationDelegate oldTests */,
				11CF26682797E209001B3AFC /* WKWebView SSL Pinning  via WKNabigationDelegate oldUITests */,
			);
		};
/* End PBXProject section */

/* Begin PBXResourcesBuildPhase section */
		11CF26462797E208001B3AFC /* Resources */ = {
			isa = PBXResourcesBuildPhase;
			buildActionMask = 2147483647;
			files = (
				114AF6C727A5C6BA004674FB /* LaunchScreen.storyboard in Resources */,
				114AF6C527A5C6BA004674FB /* Base.lproj in Resources */,
				114AF6C427A5C6BA004674FB /* Info.plist in Resources */,
				11CF26532797E208001B3AFC /* Main.storyboard in Resources */,
				114AF6C827A5C6BA004674FB /* Assets.xcassets in Resources */,
			);
			runOnlyForDeploymentPostprocessing = 0;
		};
		11CF265C2797E209001B3AFC /* Resources */ = {
			isa = PBXResourcesBuildPhase;
			buildActionMask = 2147483647;
			files = (
			);
			runOnlyForDeploymentPostprocessing = 0;
		};
		11CF26672797E209001B3AFC /* Resources */ = {
			isa = PBXResourcesBuildPhase;
			buildActionMask = 2147483647;
			files = (
			);
			runOnlyForDeploymentPostprocessing = 0;
		};
/* End PBXResourcesBuildPhase section */

/* Begin PBXSourcesBuildPhase section */
		11CF26442797E208001B3AFC /* Sources */ = {
			isa = PBXSourcesBuildPhase;
			buildActionMask = 2147483647;
			files = (
				114AF6C927A5C6BA004674FB /* AppDelegate.swift in Sources */,
				114AF6C627A5C6BA004674FB /* WebViewController.swift in Sources */,
				114AF6CA27A5C6BA004674FB /* SceneDelegate.swift in Sources */,
			);
			runOnlyForDeploymentPostprocessing = 0;
		};
		11CF265A2797E209001B3AFC /* Sources */ = {
			isa = PBXSourcesBuildPhase;
			buildActionMask = 2147483647;
			files = (
			);
			runOnlyForDeploymentPostprocessing = 0;
		};
		11CF26652797E209001B3AFC /* Sources */ = {
			isa = PBXSourcesBuildPhase;
			buildActionMask = 2147483647;
			files = (
			);
			runOnlyForDeploymentPostprocessing = 0;
		};
/* End PBXSourcesBuildPhase section */

/* Begin PBXTargetDependency section */
		11CF26602797E209001B3AFC /* PBXTargetDependency */ = {
			isa = PBXTargetDependency;
			target = 11CF26472797E208001B3AFC /* WKWebView SSL Pinning  via WKNabigationDelegate old */;
			targetProxy = 11CF265F2797E209001B3AFC /* PBXContainerItemProxy */;
		};
		11CF266B2797E209001B3AFC /* PBXTargetDependency */ = {
			isa = PBXTargetDependency;
			target = 11CF26472797E208001B3AFC /* WKWebView SSL Pinning  via WKNabigationDelegate old */;
			targetProxy = 11CF266A2797E209001B3AFC /* PBXContainerItemProxy */;
		};
/* End PBXTargetDependency section */

/* Begin PBXVariantGroup section */
		11CF26512797E208001B3AFC /* Main.storyboard */ = {
			isa = PBXVariantGroup;
			children = (
				11CF26522797E208001B3AFC /* Base */,
			);
			name = Main.storyboard;
			sourceTree = "<group>";
		};
/* End PBXVariantGroup section */

/* Begin XCBuildConfiguration section */
		11CF26702797E209001B3AFC /* Debug */ = {
			isa = XCBuildConfiguration;
			buildSettings = {
				ALWAYS_SEARCH_USER_PATHS = NO;
				CLANG_ANALYZER_NONNULL = YES;
				CLANG_ANALYZER_NUMBER_OBJECT_CONVERSION = YES_AGGRESSIVE;
				CLANG_CXX_LANGUAGE_STANDARD = "gnu++14";
				CLANG_CXX_LIBRARY = "libc++";
				CLANG_ENABLE_MODULES = YES;
				CLANG_ENABLE_OBJC_ARC = YES;
				CLANG_ENABLE_OBJC_WEAK = YES;
				CLANG_WARN_BLOCK_CAPTURE_AUTORELEASING = YES;
				CLANG_WARN_BOOL_CONVERSION = YES;
				CLANG_WARN_COMMA = YES;
				CLANG_WARN_CONSTANT_CONVERSION = YES;
				CLANG_WARN_DEPRECATED_OBJC_IMPLEMENTATIONS = YES;
				CLANG_WARN_DIRECT_OBJC_ISA_USAGE = YES_ERROR;
				CLANG_WARN_DOCUMENTATION_COMMENTS = YES;
				CLANG_WARN_EMPTY_BODY = YES;
				CLANG_WARN_ENUM_CONVERSION = YES;
				CLANG_WARN_INFINITE_RECURSION = YES;
				CLANG_WARN_INT_CONVERSION = YES;
				CLANG_WARN_NON_LITERAL_NULL_CONVERSION = YES;
				CLANG_WARN_OBJC_IMPLICIT_RETAIN_SELF = YES;
				CLANG_WARN_OBJC_LITERAL_CONVERSION = YES;
				CLANG_WARN_OBJC_ROOT_CLASS = YES_ERROR;
				CLANG_WARN_QUOTED_INCLUDE_IN_FRAMEWORK_HEADER = YES;
				CLANG_WARN_RANGE_LOOP_ANALYSIS = YES;
				CLANG_WARN_STRICT_PROTOTYPES = YES;
				CLANG_WARN_SUSPICIOUS_MOVE = YES;
				CLANG_WARN_UNGUARDED_AVAILABILITY = YES_AGGRESSIVE;
				CLANG_WARN_UNREACHABLE_CODE = YES;
				CLANG_WARN__DUPLICATE_METHOD_MATCH = YES;
				COPY_PHASE_STRIP = NO;
				DEBUG_INFORMATION_FORMAT = dwarf;
				ENABLE_STRICT_OBJC_MSGSEND = YES;
				ENABLE_TESTABILITY = YES;
				GCC_C_LANGUAGE_STANDARD = gnu11;
				GCC_DYNAMIC_NO_PIC = NO;
				GCC_NO_COMMON_BLOCKS = YES;
				GCC_OPTIMIZATION_LEVEL = 0;
				GCC_PREPROCESSOR_DEFINITIONS = (
					"DEBUG=1",
					"$(inherited)",
				);
				GCC_WARN_64_TO_32_BIT_CONVERSION = YES;
				GCC_WARN_ABOUT_RETURN_TYPE = YES_ERROR;
				GCC_WARN_UNDECLARED_SELECTOR = YES;
				GCC_WARN_UNINITIALIZED_AUTOS = YES_AGGRESSIVE;
				GCC_WARN_UNUSED_FUNCTION = YES;
				GCC_WARN_UNUSED_VARIABLE = YES;
				IPHONEOS_DEPLOYMENT_TARGET = 14.4;
				MTL_ENABLE_DEBUG_INFO = INCLUDE_SOURCE;
				MTL_FAST_MATH = YES;
				ONLY_ACTIVE_ARCH = YES;
				SDKROOT = iphoneos;
				SWIFT_ACTIVE_COMPILATION_CONDITIONS = DEBUG;
				SWIFT_OPTIMIZATION_LEVEL = "-Onone";
			};
			name = Debug;
		};
		11CF26712797E209001B3AFC /* Release */ = {
			isa = XCBuildConfiguration;
			buildSettings = {
				ALWAYS_SEARCH_USER_PATHS = NO;
				CLANG_ANALYZER_NONNULL = YES;
				CLANG_ANALYZER_NUMBER_OBJECT_CONVERSION = YES_AGGRESSIVE;
				CLANG_CXX_LANGUAGE_STANDARD = "gnu++14";
				CLANG_CXX_LIBRARY = "libc++";
				CLANG_ENABLE_MODULES = YES;
				CLANG_ENABLE_OBJC_ARC = YES;
				CLANG_ENABLE_OBJC_WEAK = YES;
				CLANG_WARN_BLOCK_CAPTURE_AUTORELEASING = YES;
				CLANG_WARN_BOOL_CONVERSION = YES;
				CLANG_WARN_COMMA = YES;
				CLANG_WARN_CONSTANT_CONVERSION = YES;
				CLANG_WARN_DEPRECATED_OBJC_IMPLEMENTATIONS = YES;
				CLANG_WARN_DIRECT_OBJC_ISA_USAGE = YES_ERROR;
				CLANG_WARN_DOCUMENTATION_COMMENTS = YES;
				CLANG_WARN_EMPTY_BODY = YES;
				CLANG_WARN_ENUM_CONVERSION = YES;
				CLANG_WARN_INFINITE_RECURSION = YES;
				CLANG_WARN_INT_CONVERSION = YES;
				CLANG_WARN_NON_LITERAL_NULL_CONVERSION = YES;
				CLANG_WARN_OBJC_IMPLICIT_RETAIN_SELF = YES;
				CLANG_WARN_OBJC_LITERAL_CONVERSION = YES;
				CLANG_WARN_OBJC_ROOT_CLASS = YES_ERROR;
				CLANG_WARN_QUOTED_INCLUDE_IN_FRAMEWORK_HEADER = YES;
				CLANG_WARN_RANGE_LOOP_ANALYSIS = YES;
				CLANG_WARN_STRICT_PROTOTYPES = YES;
				CLANG_WARN_SUSPICIOUS_MOVE = YES;
				CLANG_WARN_UNGUARDED_AVAILABILITY = YES_AGGRESSIVE;
				CLANG_WARN_UNREACHABLE_CODE = YES;
				CLANG_WARN__DUPLICATE_METHOD_MATCH = YES;
				COPY_PHASE_STRIP = NO;
				DEBUG_INFORMATION_FORMAT = "dwarf-with-dsym";
				ENABLE_NS_ASSERTIONS = NO;
				ENABLE_STRICT_OBJC_MSGSEND = YES;
				GCC_C_LANGUAGE_STANDARD = gnu11;
				GCC_NO_COMMON_BLOCKS = YES;
				GCC_WARN_64_TO_32_BIT_CONVERSION = YES;
				GCC_WARN_ABOUT_RETURN_TYPE = YES_ERROR;
				GCC_WARN_UNDECLARED_SELECTOR = YES;
				GCC_WARN_UNINITIALIZED_AUTOS = YES_AGGRESSIVE;
				GCC_WARN_UNUSED_FUNCTION = YES;
				GCC_WARN_UNUSED_VARIABLE = YES;
				IPHONEOS_DEPLOYMENT_TARGET = 14.4;
				MTL_ENABLE_DEBUG_INFO = NO;
				MTL_FAST_MATH = YES;
				SDKROOT = iphoneos;
				SWIFT_COMPILATION_MODE = wholemodule;
				SWIFT_OPTIMIZATION_LEVEL = "-O";
				VALIDATE_PRODUCT = YES;
			};
			name = Release;
		};
		11CF26732797E209001B3AFC /* Debug */ = {
			isa = XCBuildConfiguration;
			buildSettings = {
				ASSETCATALOG_COMPILER_APPICON_NAME = AppIcon;
				ASSETCATALOG_COMPILER_GLOBAL_ACCENT_COLOR_NAME = AccentColor;
				CODE_SIGN_STYLE = Automatic;
				INFOPLIST_FILE = "$(SRCROOT)/WKWebView SSL Pinning  via WKNabigationDelegate/Info.plist";
				LD_RUNPATH_SEARCH_PATHS = (
					"$(inherited)",
					"@executable_path/Frameworks",
				);
				PRODUCT_BUNDLE_IDENTIFIER = "bar.gtfo.webview.sslpinning-wknavigationdelegate";
				PRODUCT_NAME = "$(TARGET_NAME)";
				SWIFT_VERSION = 5.0;
				TARGETED_DEVICE_FAMILY = "1,2";
			};
			name = Debug;
		};
		11CF26742797E209001B3AFC /* Release */ = {
			isa = XCBuildConfiguration;
			buildSettings = {
				ASSETCATALOG_COMPILER_APPICON_NAME = AppIcon;
				ASSETCATALOG_COMPILER_GLOBAL_ACCENT_COLOR_NAME = AccentColor;
				CODE_SIGN_STYLE = Automatic;
				INFOPLIST_FILE = "$(SRCROOT)/WKWebView SSL Pinning  via WKNabigationDelegate/Info.plist";
				LD_RUNPATH_SEARCH_PATHS = (
					"$(inherited)",
					"@executable_path/Frameworks",
				);
				PRODUCT_BUNDLE_IDENTIFIER = "bar.gtfo.webview.sslpinning-wknavigationdelegate";
				PRODUCT_NAME = "$(TARGET_NAME)";
				SWIFT_VERSION = 5.0;
				TARGETED_DEVICE_FAMILY = "1,2";
			};
			name = Release;
		};
		11CF26762797E209001B3AFC /* Debug */ = {
			isa = XCBuildConfiguration;
			buildSettings = {
				ALWAYS_EMBED_SWIFT_STANDARD_LIBRARIES = YES;
				BUNDLE_LOADER = "$(TEST_HOST)";
				CODE_SIGN_STYLE = Automatic;
				INFOPLIST_FILE = WKWebView_SSLPinning_demoTests/Info.plist;
				IPHONEOS_DEPLOYMENT_TARGET = 14.4;
				LD_RUNPATH_SEARCH_PATHS = (
					"$(inherited)",
					"@executable_path/Frameworks",
					"@loader_path/Frameworks",
				);
				PRODUCT_BUNDLE_IDENTIFIER = "com.gtfobar.WKWebView-SSLPinning-demoTests";
				PRODUCT_NAME = "$(TARGET_NAME)";
				SWIFT_VERSION = 5.0;
				TARGETED_DEVICE_FAMILY = "1,2";
				TEST_HOST = "$(BUILT_PRODUCTS_DIR)/WKWebView SSL Pinning  via WKNabigationDelegate old.app/WKWebView SSL Pinning  via WKNabigationDelegate old";
			};
			name = Debug;
		};
		11CF26772797E209001B3AFC /* Release */ = {
			isa = XCBuildConfiguration;
			buildSettings = {
				ALWAYS_EMBED_SWIFT_STANDARD_LIBRARIES = YES;
				BUNDLE_LOADER = "$(TEST_HOST)";
				CODE_SIGN_STYLE = Automatic;
				INFOPLIST_FILE = WKWebView_SSLPinning_demoTests/Info.plist;
				IPHONEOS_DEPLOYMENT_TARGET = 14.4;
				LD_RUNPATH_SEARCH_PATHS = (
					"$(inherited)",
					"@executable_path/Frameworks",
					"@loader_path/Frameworks",
				);
				PRODUCT_BUNDLE_IDENTIFIER = "com.gtfobar.WKWebView-SSLPinning-demoTests";
				PRODUCT_NAME = "$(TARGET_NAME)";
				SWIFT_VERSION = 5.0;
				TARGETED_DEVICE_FAMILY = "1,2";
				TEST_HOST = "$(BUILT_PRODUCTS_DIR)/WKWebView SSL Pinning  via WKNabigationDelegate old.app/WKWebView SSL Pinning  via WKNabigationDelegate old";
			};
			name = Release;
		};
		11CF26792797E209001B3AFC /* Debug */ = {
			isa = XCBuildConfiguration;
			buildSettings = {
				ALWAYS_EMBED_SWIFT_STANDARD_LIBRARIES = YES;
				CODE_SIGN_STYLE = Automatic;
				INFOPLIST_FILE = WKWebView_SSLPinning_demoUITests/Info.plist;
				LD_RUNPATH_SEARCH_PATHS = (
					"$(inherited)",
					"@executable_path/Frameworks",
					"@loader_path/Frameworks",
				);
				PRODUCT_BUNDLE_IDENTIFIER = "com.gtfobar.WKWebView-SSLPinning-demoUITests";
				PRODUCT_NAME = "$(TARGET_NAME)";
				SWIFT_VERSION = 5.0;
				TARGETED_DEVICE_FAMILY = "1,2";
				TEST_TARGET_NAME = WKWebView_SSLPinning_demo;
			};
			name = Debug;
		};
		11CF267A2797E209001B3AFC /* Release */ = {
			isa = XCBuildConfiguration;
			buildSettings = {
				ALWAYS_EMBED_SWIFT_STANDARD_LIBRARIES = YES;
				CODE_SIGN_STYLE = Automatic;
				INFOPLIST_FILE = WKWebView_SSLPinning_demoUITests/Info.plist;
				LD_RUNPATH_SEARCH_PATHS = (
					"$(inherited)",
					"@executable_path/Frameworks",
					"@loader_path/Frameworks",
				);
				PRODUCT_BUNDLE_IDENTIFIER = "com.gtfobar.WKWebView-SSLPinning-demoUITests";
				PRODUCT_NAME = "$(TARGET_NAME)";
				SWIFT_VERSION = 5.0;
				TARGETED_DEVICE_FAMILY = "1,2";
				TEST_TARGET_NAME = WKWebView_SSLPinning_demo;
			};
			name = Release;
		};
/* End XCBuildConfiguration section */

/* Begin XCConfigurationList section */
		11CF26432797E208001B3AFC /* Build configuration list for PBXProject "WKWebView SSL Pinning  via WKNabigationDelegate old" */ = {
			isa = XCConfigurationList;
			buildConfigurations = (
				11CF26702797E209001B3AFC /* Debug */,
				11CF26712797E209001B3AFC /* Release */,
			);
			defaultConfigurationIsVisible = 0;
			defaultConfigurationName = Release;
		};
		11CF26722797E209001B3AFC /* Build configuration list for PBXNativeTarget "WKWebView SSL Pinning  via WKNabigationDelegate old" */ = {
			isa = XCConfigurationList;
			buildConfigurations = (
				11CF26732797E209001B3AFC /* Debug */,
				11CF26742797E209001B3AFC /* Release */,
			);
			defaultConfigurationIsVisible = 0;
			defaultConfigurationName = Release;
		};
		11CF26752797E209001B3AFC /* Build configuration list for PBXNativeTarget "WKWebView SSL Pinning  via WKNabigationDelegate oldTests" */ = {
			isa = XCConfigurationList;
			buildConfigurations = (
				11CF26762797E209001B3AFC /* Debug */,
				11CF26772797E209001B3AFC /* Release */,
			);
			defaultConfigurationIsVisible = 0;
			defaultConfigurationName = Release;
		};
		11CF26782797E209001B3AFC /* Build configuration list for PBXNativeTarget "WKWebView SSL Pinning  via WKNabigationDelegate oldUITests" */ = {
			isa = XCConfigurationList;
			buildConfigurations = (
				11CF26792797E209001B3AFC /* Debug */,
				11CF267A2797E209001B3AFC /* Release */,
			);
			defaultConfigurationIsVisible = 0;
			defaultConfigurationName = Release;
		};
/* End XCConfigurationList section */
	};
	rootObject = 11CF26402797E208001B3AFC /* Project object */;
}
