// !$*UTF8*$!
{
	archiveVersion = 1;
	classes = {
	};
	objectVersion = 50;
	objects = {

/* Begin PBXBuildFile section */
		11062CED27A5BA6200A4508B /* AppDelegate.swift in Sources */ = {isa = PBXBuildFile; fileRef = 11062CEC27A5BA6200A4508B /* AppDelegate.swift */; };
		11062CEF27A5BA6200A4508B /* SceneDelegate.swift in Sources */ = {isa = PBXBuildFile; fileRef = 11062CEE27A5BA6200A4508B /* SceneDelegate.swift */; };
		11062CF127A5BA6200A4508B /* ViewController.swift in Sources */ = {isa = PBXBuildFile; fileRef = 11062CF027A5BA6200A4508B /* ViewController.swift */; };
		11062CF427A5BA6200A4508B /* Main.storyboard in Resources */ = {isa = PBXBuildFile; fileRef = 11062CF227A5BA6200A4508B /* Main.storyboard */; };
		11062CF627A5BA6400A4508B /* Assets.xcassets in Resources */ = {isa = PBXBuildFile; fileRef = 11062CF527A5BA6400A4508B /* Assets.xcassets */; };
		11062CF927A5BA6400A4508B /* LaunchScreen.storyboard in Resources */ = {isa = PBXBuildFile; fileRef = 11062CF727A5BA6400A4508B /* LaunchScreen.storyboard */; };
/* End PBXBuildFile section */

/* Begin PBXFileReference section */
		11062CE927A5BA6200A4508B /* WKWebView SSL Pinning via ATS.app */ = {isa = PBXFileReference; explicitFileType = wrapper.application; includeInIndex = 0; path = "WKWebView SSL Pinning via ATS.app"; sourceTree = BUILT_PRODUCTS_DIR; };
		11062CEC27A5BA6200A4508B /* AppDelegate.swift */ = {isa = PBXFileReference; lastKnownFileType = sourcecode.swift; path = AppDelegate.swift; sourceTree = "<group>"; };
		11062CEE27A5BA6200A4508B /* SceneDelegate.swift */ = {isa = PBXFileReference; lastKnownFileType = sourcecode.swift; path = SceneDelegate.swift; sourceTree = "<group>"; };
		11062CF027A5BA6200A4508B /* ViewController.swift */ = {isa = PBXFileReference; lastKnownFileType = sourcecode.swift; path = ViewController.swift; sourceTree = "<group>"; };
		11062CF327A5BA6200A4508B /* Base */ = {isa = PBXFileReference; lastKnownFileType = file.storyboard; name = Base; path = Base.lproj/Main.storyboard; sourceTree = "<group>"; };
		11062CF527A5BA6400A4508B /* Assets.xcassets */ = {isa = PBXFileReference; lastKnownFileType = folder.assetcatalog; path = Assets.xcassets; sourceTree = "<group>"; };
		11062CF827A5BA6400A4508B /* Base */ = {isa = PBXFileReference; lastKnownFileType = file.storyboard; name = Base; path = Base.lproj/LaunchScreen.storyboard; sourceTree = "<group>"; };
		11062CFA27A5BA6400A4508B /* Info.plist */ = {isa = PBXFileReference; lastKnownFileType = text.plist.xml; path = Info.plist; sourceTree = "<group>"; };
/* End PBXFileReference section */

/* Begin PBXFrameworksBuildPhase section */
		11062CE627A5BA6200A4508B /* Frameworks */ = {
			isa = PBXFrameworksBuildPhase;
			buildActionMask = 2147483647;
			files = (
			);
			runOnlyForDeploymentPostprocessing = 0;
		};
/* End PBXFrameworksBuildPhase section */

/* Begin PBXGroup section */
		11062CE027A5BA6200A4508B = {
			isa = PBXGroup;
			children = (
				11062CEB27A5BA6200A4508B /* WKWebView SSL Pinning via ATS */,
				11062CEA27A5BA6200A4508B /* Products */,
			);
			sourceTree = "<group>";
		};
		11062CEA27A5BA6200A4508B /* Products */ = {
			isa = PBXGroup;
			children = (
				11062CE927A5BA6200A4508B /* WKWebView SSL Pinning via ATS.app */,
			);
			name = Products;
			sourceTree = "<group>";
		};
		11062CEB27A5BA6200A4508B /* WKWebView SSL Pinning via ATS */ = {
			isa = PBXGroup;
			children = (
				11062CEC27A5BA6200A4508B /* AppDelegate.swift */,
				11062CEE27A5BA6200A4508B /* SceneDelegate.swift */,
				11062CF027A5BA6200A4508B /* ViewController.swift */,
				11062CF227A5BA6200A4508B /* Main.storyboard */,
				11062CF527A5BA6400A4508B /* Assets.xcassets */,
				11062CF727A5BA6400A4508B /* LaunchScreen.storyboard */,
				11062CFA27A5BA6400A4508B /* Info.plist */,
			);
			path = "WKWebView SSL Pinning via ATS";
			sourceTree = "<group>";
		};
/* End PBXGroup section */

/* Begin PBXNativeTarget section */
		11062CE827A5BA6200A4508B /* WKWebView SSL Pinning via ATS */ = {
			isa = PBXNativeTarget;
			buildConfigurationList = 11062CFD27A5BA6400A4508B /* Build configuration list for PBXNativeTarget "WKWebView SSL Pinning via ATS" */;
			buildPhases = (
				11062CE527A5BA6200A4508B /* Sources */,
				11062CE627A5BA6200A4508B /* Frameworks */,
				11062CE727A5BA6200A4508B /* Resources */,
			);
			buildRules = (
			);
			dependencies = (
			);
			name = "WKWebView SSL Pinning via ATS";
			productName = "WKWebView SSL Pinning via ATS";
			productReference = 11062CE927A5BA6200A4508B /* WKWebView SSL Pinning via ATS.app */;
			productType = "com.apple.product-type.application";
		};
/* End PBXNativeTarget section */

/* Begin PBXProject section */
		11062CE127A5BA6200A4508B /* Project object */ = {
			isa = PBXProject;
			attributes = {
				LastSwiftUpdateCheck = 1240;
				LastUpgradeCheck = 1240;
				TargetAttributes = {
					11062CE827A5BA6200A4508B = {
						CreatedOnToolsVersion = 12.4;
					};
				};
			};
			buildConfigurationList = 11062CE427A5BA6200A4508B /* Build configuration list for PBXProject "WKWebView SSL Pinning via ATS" */;
			compatibilityVersion = "Xcode 9.3";
			developmentRegion = en;
			hasScannedForEncodings = 0;
			knownRegions = (
				en,
				Base,
			);
			mainGroup = 11062CE027A5BA6200A4508B;
			productRefGroup = 11062CEA27A5BA6200A4508B /* Products */;
			projectDirPath = "";
			projectRoot = "";
			targets = (
				11062CE827A5BA6200A4508B /* WKWebView SSL Pinning via ATS */,
			);
		};
/* End PBXProject section */

/* Begin PBXResourcesBuildPhase section */
		11062CE727A5BA6200A4508B /* Resources */ = {
			isa = PBXResourcesBuildPhase;
			buildActionMask = 2147483647;
			files = (
				11062CF927A5BA6400A4508B /* LaunchScreen.storyboard in Resources */,
				11062CF627A5BA6400A4508B /* Assets.xcassets in Resources */,
				11062CF427A5BA6200A4508B /* Main.storyboard in Resources */,
			);
			runOnlyForDeploymentPostprocessing = 0;
		};
/* End PBXResourcesBuildPhase section */

/* Begin PBXSourcesBuildPhase section */
		11062CE527A5BA6200A4508B /* Sources */ = {
			isa = PBXSourcesBuildPhase;
			buildActionMask = 2147483647;
			files = (
				11062CF127A5BA6200A4508B /* ViewController.swift in Sources */,
				11062CED27A5BA6200A4508B /* AppDelegate.swift in Sources */,
				11062CEF27A5BA6200A4508B /* SceneDelegate.swift in Sources */,
			);
			runOnlyForDeploymentPostprocessing = 0;
		};
/* End PBXSourcesBuildPhase section */

/* Begin PBXVariantGroup section */
		11062CF227A5BA6200A4508B /* Main.storyboard */ = {
			isa = PBXVariantGroup;
			children = (
				11062CF327A5BA6200A4508B /* Base */,
			);
			name = Main.storyboard;
			sourceTree = "<group>";
		};
		11062CF727A5BA6400A4508B /* LaunchScreen.storyboard */ = {
			isa = PBXVariantGroup;
			children = (
				11062CF827A5BA6400A4508B /* Base */,
			);
			name = LaunchScreen.storyboard;
			sourceTree = "<group>";
		};
/* End PBXVariantGroup section */

/* Begin XCBuildConfiguration section */
		11062CFB27A5BA6400A4508B /* Debug */ = {
			isa = XCBuildConfiguration;
			buildSettings = {
				ALWAYS_SEARCH_USER_PATHS = NO;
				CLANG_ANALYZER_NONNULL = YES;
				CLANG_ANALYZER_NUMBER_OBJECT_CONVERSION = YES_AGGRESSIVE;
				CLANG_CXX_LANGUAGE_STANDARD = "gnu++14";
				CLANG_CXX_LIBRARY = "libc++";
				CLANG_ENABLE_MODULES = YES;
				CLANG_ENABLE_OBJC_ARC = YES;
				CLANG_ENABLE_OBJC_WEAK = YES;
				CLANG_WARN_BLOCK_CAPTURE_AUTORELEASING = YES;
				CLANG_WARN_BOOL_CONVERSION = YES;
				CLANG_WARN_COMMA = YES;
				CLANG_WARN_CONSTANT_CONVERSION = YES;
				CLANG_WARN_DEPRECATED_OBJC_IMPLEMENTATIONS = YES;
				CLANG_WARN_DIRECT_OBJC_ISA_USAGE = YES_ERROR;
				CLANG_WARN_DOCUMENTATION_COMMENTS = YES;
				CLANG_WARN_EMPTY_BODY = YES;
				CLANG_WARN_ENUM_CONVERSION = YES;
				CLANG_WARN_INFINITE_RECURSION = YES;
				CLANG_WARN_INT_CONVERSION = YES;
				CLANG_WARN_NON_LITERAL_NULL_CONVERSION = YES;
				CLANG_WARN_OBJC_IMPLICIT_RETAIN_SELF = YES;
				CLANG_WARN_OBJC_LITERAL_CONVERSION = YES;
				CLANG_WARN_OBJC_ROOT_CLASS = YES_ERROR;
				CLANG_WARN_QUOTED_INCLUDE_IN_FRAMEWORK_HEADER = YES;
				CLANG_WARN_RANGE_LOOP_ANALYSIS = YES;
				CLANG_WARN_STRICT_PROTOTYPES = YES;
				CLANG_WARN_SUSPICIOUS_MOVE = YES;
				CLANG_WARN_UNGUARDED_AVAILABILITY = YES_AGGRESSIVE;
				CLANG_WARN_UNREACHABLE_CODE = YES;
				CLANG_WARN__DUPLICATE_METHOD_MATCH = YES;
				COPY_PHASE_STRIP = NO;
				DEBUG_INFORMATION_FORMAT = dwarf;
				ENABLE_STRICT_OBJC_MSGSEND = YES;
				ENABLE_TESTABILITY = YES;
				GCC_C_LANGUAGE_STANDARD = gnu11;
				GCC_DYNAMIC_NO_PIC = NO;
				GCC_NO_COMMON_BLOCKS = YES;
				GCC_OPTIMIZATION_LEVEL = 0;
				GCC_PREPROCESSOR_DEFINITIONS = (
					"DEBUG=1",
					"$(inherited)",
				);
				GCC_WARN_64_TO_32_BIT_CONVERSION = YES;
				GCC_WARN_ABOUT_RETURN_TYPE = YES_ERROR;
				GCC_WARN_UNDECLARED_SELECTOR = YES;
				GCC_WARN_UNINITIALIZED_AUTOS = YES_AGGRESSIVE;
				GCC_WARN_UNUSED_FUNCTION = YES;
				GCC_WARN_UNUSED_VARIABLE = YES;
				IPHONEOS_DEPLOYMENT_TARGET = 14.4;
				MTL_ENABLE_DEBUG_INFO = INCLUDE_SOURCE;
				MTL_FAST_MATH = YES;
				ONLY_ACTIVE_ARCH = YES;
				SDKROOT = iphoneos;
				SWIFT_ACTIVE_COMPILATION_CONDITIONS = DEBUG;
				SWIFT_OPTIMIZATION_LEVEL = "-Onone";
			};
			name = Debug;
		};
		11062CFC27A5BA6400A4508B /* Release */ = {
			isa = XCBuildConfiguration;
			buildSettings = {
				ALWAYS_SEARCH_USER_PATHS = NO;
				CLANG_ANALYZER_NONNULL = YES;
				CLANG_ANALYZER_NUMBER_OBJECT_CONVERSION = YES_AGGRESSIVE;
				CLANG_CXX_LANGUAGE_STANDARD = "gnu++14";
				CLANG_CXX_LIBRARY = "libc++";
				CLANG_ENABLE_MODULES = YES;
				CLANG_ENABLE_OBJC_ARC = YES;
				CLANG_ENABLE_OBJC_WEAK = YES;
				CLANG_WARN_BLOCK_CAPTURE_AUTORELEASING = YES;
				CLANG_WARN_BOOL_CONVERSION = YES;
				CLANG_WARN_COMMA = YES;
				CLANG_WARN_CONSTANT_CONVERSION = YES;
				CLANG_WARN_DEPRECATED_OBJC_IMPLEMENTATIONS = YES;
				CLANG_WARN_DIRECT_OBJC_ISA_USAGE = YES_ERROR;
				CLANG_WARN_DOCUMENTATION_COMMENTS = YES;
				CLANG_WARN_EMPTY_BODY = YES;
				CLANG_WARN_ENUM_CONVERSION = YES;
				CLANG_WARN_INFINITE_RECURSION = YES;
				CLANG_WARN_INT_CONVERSION = YES;
				CLANG_WARN_NON_LITERAL_NULL_CONVERSION = YES;
				CLANG_WARN_OBJC_IMPLICIT_RETAIN_SELF = YES;
				CLANG_WARN_OBJC_LITERAL_CONVERSION = YES;
				CLANG_WARN_OBJC_ROOT_CLASS = YES_ERROR;
				CLANG_WARN_QUOTED_INCLUDE_IN_FRAMEWORK_HEADER = YES;
				CLANG_WARN_RANGE_LOOP_ANALYSIS = YES;
				CLANG_WARN_STRICT_PROTOTYPES = YES;
				CLANG_WARN_SUSPICIOUS_MOVE = YES;
				CLANG_WARN_UNGUARDED_AVAILABILITY = YES_AGGRESSIVE;
				CLANG_WARN_UNREACHABLE_CODE = YES;
				CLANG_WARN__DUPLICATE_METHOD_MATCH = YES;
				COPY_PHASE_STRIP = NO;
				DEBUG_INFORMATION_FORMAT = "dwarf-with-dsym";
				ENABLE_NS_ASSERTIONS = NO;
				ENABLE_STRICT_OBJC_MSGSEND = YES;
				GCC_C_LANGUAGE_STANDARD = gnu11;
				GCC_NO_COMMON_BLOCKS = YES;
				GCC_WARN_64_TO_32_BIT_CONVERSION = YES;
				GCC_WARN_ABOUT_RETURN_TYPE = YES_ERROR;
				GCC_WARN_UNDECLARED_SELECTOR = YES;
				GCC_WARN_UNINITIALIZED_AUTOS = YES_AGGRESSIVE;
				GCC_WARN_UNUSED_FUNCTION = YES;
				GCC_WARN_UNUSED_VARIABLE = YES;
				IPHONEOS_DEPLOYMENT_TARGET = 14.4;
				MTL_ENABLE_DEBUG_INFO = NO;
				MTL_FAST_MATH = YES;
				SDKROOT = iphoneos;
				SWIFT_COMPILATION_MODE = wholemodule;
				SWIFT_OPTIMIZATION_LEVEL = "-O";
				VALIDATE_PRODUCT = YES;
			};
			name = Release;
		};
		11062CFE27A5BA6400A4508B /* Debug */ = {
			isa = XCBuildConfiguration;
			buildSettings = {
				ASSETCATALOG_COMPILER_APPICON_NAME = AppIcon;
				ASSETCATALOG_COMPILER_GLOBAL_ACCENT_COLOR_NAME = AccentColor;
				CODE_SIGN_STYLE = Automatic;
				INFOPLIST_FILE = "WKWebView SSL Pinning via ATS/Info.plist";
				LD_RUNPATH_SEARCH_PATHS = (
					"$(inherited)",
					"@executable_path/Frameworks",
				);
				PRODUCT_BUNDLE_IDENTIFIER = "com.gtfobar.WKWebView-SSL-Pinning-via-ATS";
				PRODUCT_NAME = "$(TARGET_NAME)";
				SWIFT_VERSION = 5.0;
				TARGETED_DEVICE_FAMILY = "1,2";
			};
			name = Debug;
		};
		11062CFF27A5BA6400A4508B /* Release */ = {
			isa = XCBuildConfiguration;
			buildSettings = {
				ASSETCATALOG_COMPILER_APPICON_NAME = AppIcon;
				ASSETCATALOG_COMPILER_GLOBAL_ACCENT_COLOR_NAME = AccentColor;
				CODE_SIGN_STYLE = Automatic;
				INFOPLIST_FILE = "WKWebView SSL Pinning via ATS/Info.plist";
				LD_RUNPATH_SEARCH_PATHS = (
					"$(inherited)",
					"@executable_path/Frameworks",
				);
				PRODUCT_BUNDLE_IDENTIFIER = "com.gtfobar.WKWebView-SSL-Pinning-via-ATS";
				PRODUCT_NAME = "$(TARGET_NAME)";
				SWIFT_VERSION = 5.0;
				TARGETED_DEVICE_FAMILY = "1,2";
			};
			name = Release;
		};
/* End XCBuildConfiguration section */

/* Begin XCConfigurationList section */
		11062CE427A5BA6200A4508B /* Build configuration list for PBXProject "WKWebView SSL Pinning via ATS" */ = {
			isa = XCConfigurationList;
			buildConfigurations = (
				11062CFB27A5BA6400A4508B /* Debug */,
				11062CFC27A5BA6400A4508B /* Release */,
			);
			defaultConfigurationIsVisible = 0;
			defaultConfigurationName = Release;
		};
		11062CFD27A5BA6400A4508B /* Build configuration list for PBXNativeTarget "WKWebView SSL Pinning via ATS" */ = {
			isa = XCConfigurationList;
			buildConfigurations = (
				11062CFE27A5BA6400A4508B /* Debug */,
				11062CFF27A5BA6400A4508B /* Release */,
			);
			defaultConfigurationIsVisible = 0;
			defaultConfigurationName = Release;
		};
/* End XCConfigurationList section */
	};
	rootObject = 11062CE127A5BA6200A4508B /* Project object */;
}
